// !$*UTF8*$!
{
	archiveVersion = 1;
	classes = {
	};
	objectVersion = 50;
	objects = {

/* Begin PBXBuildFile section */
		188BEE30239F2951001E8DEE /* AppDelegate.swift in Sources */ = {isa = PBXBuildFile; fileRef = 188BEE2F239F2951001E8DEE /* AppDelegate.swift */; };
		188BEE32239F2951001E8DEE /* SceneDelegate.swift in Sources */ = {isa = PBXBuildFile; fileRef = 188BEE31239F2951001E8DEE /* SceneDelegate.swift */; };
		188BEE34239F2951001E8DEE /* ViewController.swift in Sources */ = {isa = PBXBuildFile; fileRef = 188BEE33239F2951001E8DEE /* ViewController.swift */; };
		188BEE37239F2951001E8DEE /* Main.storyboard in Resources */ = {isa = PBXBuildFile; fileRef = 188BEE35239F2951001E8DEE /* Main.storyboard */; };
		188BEE39239F2954001E8DEE /* Assets.xcassets in Resources */ = {isa = PBXBuildFile; fileRef = 188BEE38239F2954001E8DEE /* Assets.xcassets */; };
		188BEE3C239F2954001E8DEE /* LaunchScreen.storyboard in Resources */ = {isa = PBXBuildFile; fileRef = 188BEE3A239F2954001E8DEE /* LaunchScreen.storyboard */; };
		188BEE44239F296A001E8DEE /* TradePassword.swift in Sources */ = {isa = PBXBuildFile; fileRef = 188BEE43239F296A001E8DEE /* TradePassword.swift */; };
/* End PBXBuildFile section */

/* Begin PBXFileReference section */
		188BEE2C239F2951001E8DEE /* TradePwd.app */ = {isa = PBXFileReference; explicitFileType = wrapper.application; includeInIndex = 0; path = TradePwd.app; sourceTree = BUILT_PRODUCTS_DIR; };
		188BEE2F239F2951001E8DEE /* AppDelegate.swift */ = {isa = PBXFileReference; lastKnownFileType = sourcecode.swift; path = AppDelegate.swift; sourceTree = "<group>"; };
		188BEE31239F2951001E8DEE /* SceneDelegate.swift */ = {isa = PBXFileReference; lastKnownFileType = sourcecode.swift; path = SceneDelegate.swift; sourceTree = "<group>"; };
		188BEE33239F2951001E8DEE /* ViewController.swift */ = {isa = PBXFileReference; lastKnownFileType = sourcecode.swift; path = ViewController.swift; sourceTree = "<group>"; };
		188BEE36239F2951001E8DEE /* Base */ = {isa = PBXFileReference; lastKnownFileType = file.storyboard; name = Base; path = Base.lproj/Main.storyboard; sourceTree = "<group>"; };
		188BEE38239F2954001E8DEE /* Assets.xcassets */ = {isa = PBXFileReference; lastKnownFileType = folder.assetcatalog; path = Assets.xcassets; sourceTree = "<group>"; };
		188BEE3B239F2954001E8DEE /* Base */ = {isa = PBXFileReference; lastKnownFileType = file.storyboard; name = Base; path = Base.lproj/LaunchScreen.storyboard; sourceTree = "<group>"; };
		188BEE3D239F2954001E8DEE /* Info.plist */ = {isa = PBXFileReference; lastKnownFileType = text.plist.xml; path = Info.plist; sourceTree = "<group>"; };
		188BEE43239F296A001E8DEE /* TradePassword.swift */ = {isa = PBXFileReference; lastKnownFileType = sourcecode.swift; path = TradePassword.swift; sourceTree = "<group>"; };
/* End PBXFileReference section */

/* Begin PBXFrameworksBuildPhase section */
		188BEE29239F2951001E8DEE /* Frameworks */ = {
			isa = PBXFrameworksBuildPhase;
			buildActionMask = 2147483647;
			files = (
			);
			runOnlyForDeploymentPostprocessing = 0;
		};
/* End PBXFrameworksBuildPhase section */

/* Begin PBXGroup section */
		188BEE23239F2951001E8DEE = {
			isa = PBXGroup;
			children = (
				188BEE2E239F2951001E8DEE /* TradePwd */,
				188BEE2D239F2951001E8DEE /* Products */,
			);
			sourceTree = "<group>";
		};
		188BEE2D239F2951001E8DEE /* Products */ = {
			isa = PBXGroup;
			children = (
				188BEE2C239F2951001E8DEE /* TradePwd.app */,
			);
			name = Products;
			sourceTree = "<group>";
		};
		188BEE2E239F2951001E8DEE /* TradePwd */ = {
			isa = PBXGroup;
			children = (
				188BEE2F239F2951001E8DEE /* AppDelegate.swift */,
				188BEE31239F2951001E8DEE /* SceneDelegate.swift */,
				188BEE33239F2951001E8DEE /* ViewController.swift */,
				188BEE43239F296A001E8DEE /* TradePassword.swift */,
				188BEE35239F2951001E8DEE /* Main.storyboard */,
				188BEE38239F2954001E8DEE /* Assets.xcassets */,
				188BEE3A239F2954001E8DEE /* LaunchScreen.storyboard */,
				188BEE3D239F2954001E8DEE /* Info.plist */,
			);
			path = TradePwd;
			sourceTree = "<group>";
		};
/* End PBXGroup section */

/* Begin PBXNativeTarget section */
		188BEE2B239F2951001E8DEE /* TradePwd */ = {
			isa = PBXNativeTarget;
			buildConfigurationList = 188BEE40239F2954001E8DEE /* Build configuration list for PBXNativeTarget "TradePwd" */;
			buildPhases = (
				188BEE28239F2951001E8DEE /* Sources */,
				188BEE29239F2951001E8DEE /* Frameworks */,
				188BEE2A239F2951001E8DEE /* Resources */,
			);
			buildRules = (
			);
			dependencies = (
			);
			name = TradePwd;
			productName = TradePwd;
			productReference = 188BEE2C239F2951001E8DEE /* TradePwd.app */;
			productType = "com.apple.product-type.application";
		};
/* End PBXNativeTarget section */

/* Begin PBXProject section */
		188BEE24239F2951001E8DEE /* Project object */ = {
			isa = PBXProject;
			attributes = {
				LastSwiftUpdateCheck = 1120;
				LastUpgradeCheck = 1120;
				ORGANIZATIONNAME = hxxxxs;
				TargetAttributes = {
					188BEE2B239F2951001E8DEE = {
						CreatedOnToolsVersion = 11.2.1;
					};
				};
			};
			buildConfigurationList = 188BEE27239F2951001E8DEE /* Build configuration list for PBXProject "TradePwd" */;
			compatibilityVersion = "Xcode 9.3";
			developmentRegion = en;
			hasScannedForEncodings = 0;
			knownRegions = (
				en,
				Base,
			);
			mainGroup = 188BEE23239F2951001E8DEE;
			productRefGroup = 188BEE2D239F2951001E8DEE /* Products */;
			projectDirPath = "";
			projectRoot = "";
			targets = (
				188BEE2B239F2951001E8DEE /* TradePwd */,
			);
		};
/* End PBXProject section */

/* Begin PBXResourcesBuildPhase section */
		188BEE2A239F2951001E8DEE /* Resources */ = {
			isa = PBXResourcesBuildPhase;
			buildActionMask = 2147483647;
			files = (
				188BEE3C239F2954001E8DEE /* LaunchScreen.storyboard in Resources */,
				188BEE39239F2954001E8DEE /* Assets.xcassets in Resources */,
				188BEE37239F2951001E8DEE /* Main.storyboard in Resources */,
			);
			runOnlyForDeploymentPostprocessing = 0;
		};
/* End PBXResourcesBuildPhase section */

/* Begin PBXSourcesBuildPhase section */
		188BEE28239F2951001E8DEE /* Sources */ = {
			isa = PBXSourcesBuildPhase;
			buildActionMask = 2147483647;
			files = (
				188BEE34239F2951001E8DEE /* ViewController.swift in Sources */,
				188BEE30239F2951001E8DEE /* AppDelegate.swift in Sources */,
				188BEE32239F2951001E8DEE /* SceneDelegate.swift in Sources */,
				188BEE44239F296A001E8DEE /* TradePassword.swift in Sources */,
			);
			runOnlyForDeploymentPostprocessing = 0;
		};
/* End PBXSourcesBuildPhase section */

/* Begin PBXVariantGroup section */
		188BEE35239F2951001E8DEE /* Main.storyboard */ = {
			isa = PBXVariantGroup;
			children = (
				188BEE36239F2951001E8DEE /* Base */,
			);
			name = Main.storyboard;
			sourceTree = "<group>";
		};
		188BEE3A239F2954001E8DEE /* LaunchScreen.storyboard */ = {
			isa = PBXVariantGroup;
			children = (
				188BEE3B239F2954001E8DEE /* Base */,
			);
			name = LaunchScreen.storyboard;
			sourceTree = "<group>";
		};
/* End PBXVariantGroup section */

/* Begin XCBuildConfiguration section */
		188BEE3E239F2954001E8DEE /* Debug */ = {
			isa = XCBuildConfiguration;
			buildSettings = {
				ALWAYS_SEARCH_USER_PATHS = NO;
				CLANG_ANALYZER_NONNULL = YES;
				CLANG_ANALYZER_NUMBER_OBJECT_CONVERSION = YES_AGGRESSIVE;
				CLANG_CXX_LANGUAGE_STANDARD = "gnu++14";
				CLANG_CXX_LIBRARY = "libc++";
				CLANG_ENABLE_MODULES = YES;
				CLANG_ENABLE_OBJC_ARC = YES;
				CLANG_ENABLE_OBJC_WEAK = YES;
				CLANG_WARN_BLOCK_CAPTURE_AUTORELEASING = YES;
				CLANG_WARN_BOOL_CONVERSION = YES;
				CLANG_WARN_COMMA = YES;
				CLANG_WARN_CONSTANT_CONVERSION = YES;
				CLANG_WARN_DEPRECATED_OBJC_IMPLEMENTATIONS = YES;
				CLANG_WARN_DIRECT_OBJC_ISA_USAGE = YES_ERROR;
				CLANG_WARN_DOCUMENTATION_COMMENTS = YES;
				CLANG_WARN_EMPTY_BODY = YES;
				CLANG_WARN_ENUM_CONVERSION = YES;
				CLANG_WARN_INFINITE_RECURSION = YES;
				CLANG_WARN_INT_CONVERSION = YES;
				CLANG_WARN_NON_LITERAL_NULL_CONVERSION = YES;
				CLANG_WARN_OBJC_IMPLICIT_RETAIN_SELF = YES;
				CLANG_WARN_OBJC_LITERAL_CONVERSION = YES;
				CLANG_WARN_OBJC_ROOT_CLASS = YES_ERROR;
				CLANG_WARN_RANGE_LOOP_ANALYSIS = YES;
				CLANG_WARN_STRICT_PROTOTYPES = YES;
				CLANG_WARN_SUSPICIOUS_MOVE = YES;
				CLANG_WARN_UNGUARDED_AVAILABILITY = YES_AGGRESSIVE;
				CLANG_WARN_UNREACHABLE_CODE = YES;
				CLANG_WARN__DUPLICATE_METHOD_MATCH = YES;
				COPY_PHASE_STRIP = NO;
				DEBUG_INFORMATION_FORMAT = dwarf;
				ENABLE_STRICT_OBJC_MSGSEND = YES;
				ENABLE_TESTABILITY = YES;
				GCC_C_LANGUAGE_STANDARD = gnu11;
				GCC_DYNAMIC_NO_PIC = NO;
				GCC_NO_COMMON_BLOCKS = YES;
				GCC_OPTIMIZATION_LEVEL = 0;
				GCC_PREPROCESSOR_DEFINITIONS = (
					"DEBUG=1",
					"$(inherited)",
				);
				GCC_WARN_64_TO_32_BIT_CONVERSION = YES;
				GCC_WARN_ABOUT_RETURN_TYPE = YES_ERROR;
				GCC_WARN_UNDECLARED_SELECTOR = YES;
				GCC_WARN_UNINITIALIZED_AUTOS = YES_AGGRESSIVE;
				GCC_WARN_UNUSED_FUNCTION = YES;
				GCC_WARN_UNUSED_VARIABLE = YES;
				IPHONEOS_DEPLOYMENT_TARGET = 13.2;
				MTL_ENABLE_DEBUG_INFO = INCLUDE_SOURCE;
				MTL_FAST_MATH = YES;
				ONLY_ACTIVE_ARCH = YES;
				SDKROOT = iphoneos;
				SWIFT_ACTIVE_COMPILATION_CONDITIONS = DEBUG;
				SWIFT_OPTIMIZATION_LEVEL = "-Onone";
			};
			name = Debug;
		};
		188BEE3F239F2954001E8DEE /* Release */ = {
			isa = XCBuildConfiguration;
			buildSettings = {
				ALWAYS_SEARCH_USER_PATHS = NO;
				CLANG_ANALYZER_NONNULL = YES;
				CLANG_ANALYZER_NUMBER_OBJECT_CONVERSION = YES_AGGRESSIVE;
				CLANG_CXX_LANGUAGE_STANDARD = "gnu++14";
				CLANG_CXX_LIBRARY = "libc++";
				CLANG_ENABLE_MODULES = YES;
				CLANG_ENABLE_OBJC_ARC = YES;
				CLANG_ENABLE_OBJC_WEAK = YES;
				CLANG_WARN_BLOCK_CAPTURE_AUTORELEASING = YES;
				CLANG_WARN_BOOL_CONVERSION = YES;
				CLANG_WARN_COMMA = YES;
				CLANG_WARN_CONSTANT_CONVERSION = YES;
				CLANG_WARN_DEPRECATED_OBJC_IMPLEMENTATIONS = YES;
				CLANG_WARN_DIRECT_OBJC_ISA_USAGE = YES_ERROR;
				CLANG_WARN_DOCUMENTATION_COMMENTS = YES;
				CLANG_WARN_EMPTY_BODY = YES;
				CLANG_WARN_ENUM_CONVERSION = YES;
				CLANG_WARN_INFINITE_RECURSION = YES;
				CLANG_WARN_INT_CONVERSION = YES;
				CLANG_WARN_NON_LITERAL_NULL_CONVERSION = YES;
				CLANG_WARN_OBJC_IMPLICIT_RETAIN_SELF = YES;
				CLANG_WARN_OBJC_LITERAL_CONVERSION = YES;
				CLANG_WARN_OBJC_ROOT_CLASS = YES_ERROR;
				CLANG_WARN_RANGE_LOOP_ANALYSIS = YES;
				CLANG_WARN_STRICT_PROTOTYPES = YES;
				CLANG_WARN_SUSPICIOUS_MOVE = YES;
				CLANG_WARN_UNGUARDED_AVAILABILITY = YES_AGGRESSIVE;
				CLANG_WARN_UNREACHABLE_CODE = YES;
				CLANG_WARN__DUPLICATE_METHOD_MATCH = YES;
				COPY_PHASE_STRIP = NO;
				DEBUG_INFORMATION_FORMAT = "dwarf-with-dsym";
				ENABLE_NS_ASSERTIONS = NO;
				ENABLE_STRICT_OBJC_MSGSEND = YES;
				GCC_C_LANGUAGE_STANDARD = gnu11;
				GCC_NO_COMMON_BLOCKS = YES;
				GCC_WARN_64_TO_32_BIT_CONVERSION = YES;
				GCC_WARN_ABOUT_RETURN_TYPE = YES_ERROR;
				GCC_WARN_UNDECLARED_SELECTOR = YES;
				GCC_WARN_UNINITIALIZED_AUTOS = YES_AGGRESSIVE;
				GCC_WARN_UNUSED_FUNCTION = YES;
				GCC_WARN_UNUSED_VARIABLE = YES;
				IPHONEOS_DEPLOYMENT_TARGET = 13.2;
				MTL_ENABLE_DEBUG_INFO = NO;
				MTL_FAST_MATH = YES;
				SDKROOT = iphoneos;
				SWIFT_COMPILATION_MODE = wholemodule;
				SWIFT_OPTIMIZATION_LEVEL = "-O";
				VALIDATE_PRODUCT = YES;
			};
			name = Release;
		};
		188BEE41239F2954001E8DEE /* Debug */ = {
			isa = XCBuildConfiguration;
			buildSettings = {
				ASSETCATALOG_COMPILER_APPICON_NAME = AppIcon;
				CODE_SIGN_STYLE = Automatic;
				INFOPLIST_FILE = TradePwd/Info.plist;
				LD_RUNPATH_SEARCH_PATHS = (
					"$(inherited)",
					"@executable_path/Frameworks",
				);
				PRODUCT_BUNDLE_IDENTIFIER = com.hxxxxxs.TradePwd;
				PRODUCT_NAME = "$(TARGET_NAME)";
				SWIFT_VERSION = 5.0;
				TARGETED_DEVICE_FAMILY = "1,2";
			};
			name = Debug;
		};
		188BEE42239F2954001E8DEE /* Release */ = {
			isa = XCBuildConfiguration;
			buildSettings = {
				ASSETCATALOG_COMPILER_APPICON_NAME = AppIcon;
				CODE_SIGN_STYLE = Automatic;
				INFOPLIST_FILE = TradePwd/Info.plist;
				LD_RUNPATH_SEARCH_PATHS = (
					"$(inherited)",
					"@executable_path/Frameworks",
				);
				PRODUCT_BUNDLE_IDENTIFIER = com.hxxxxxs.TradePwd;
				PRODUCT_NAME = "$(TARGET_NAME)";
				SWIFT_VERSION = 5.0;
				TARGETED_DEVICE_FAMILY = "1,2";
			};
			name = Release;
		};
/* End XCBuildConfiguration section */

/* Begin XCConfigurationList section */
		188BEE27239F2951001E8DEE /* Build configuration list for PBXProject "TradePwd" */ = {
			isa = XCConfigurationList;
			buildConfigurations = (
				188BEE3E239F2954001E8DEE /* Debug */,
				188BEE3F239F2954001E8DEE /* Release */,
			);
			defaultConfigurationIsVisible = 0;
			defaultConfigurationName = Release;
		};
		188BEE40239F2954001E8DEE /* Build configuration list for PBXNativeTarget "TradePwd" */ = {
			isa = XCConfigurationList;
			buildConfigurations = (
				188BEE41239F2954001E8DEE /* Debug */,
				188BEE42239F2954001E8DEE /* Release */,
			);
			defaultConfigurationIsVisible = 0;
			defaultConfigurationName = Release;
		};
/* End XCConfigurationList section */
	};
	rootObject = 188BEE24239F2951001E8DEE /* Project object */;
}
